
Microsoft Visual Studio Solution File, Format Version 12.00
# Visual Studio Version 16
VisualStudioVersion = 16.0.31410.357
MinimumVisualStudioVersion = 10.0.40219.1
Project("{888888A0-9F3D-457C-B088-3A5042F75D52}") = "ArduinoPizzaBaker", "ArduinoPizzaBaker\ArduinoPizzaBaker.pyproj", "{1DB0E5DF-31B9-4FF2-836D-BAC48CF7B2F1}"
EndProject
Global
	GlobalSection(SolutionConfigurationPlatforms) = preSolution
		Debug|Any CPU = Debug|Any CPU
		Release|Any CPU = Release|Any CPU
	EndGlobalSection
	GlobalSection(ProjectConfigurationPlatforms) = postSolution
		{1DB0E5DF-31B9-4FF2-836D-BAC48CF7B2F1}.Debug|Any CPU.ActiveCfg = Debug|Any CPU
		{1DB0E5DF-31B9-4FF2-836D-BAC48CF7B2F1}.Release|Any CPU.ActiveCfg = Release|Any CPU
	EndGlobalSection
	GlobalSection(SolutionProperties) = preSolution
		HideSolutionNode = FALSE
	EndGlobalSection
	GlobalSection(ExtensibilityGlobals) = postSolution
		SolutionGuid = {A05488B2-F788-42D9-943E-543F5517DC6C}
	EndGlobalSection
EndGlobal
